
Microsoft Visual Studio Solution File, Format Version 12.00
# Visual Studio 15
VisualStudioVersion = 15.0.28307.421
MinimumVisualStudioVersion = 10.0.40219.1
Project("{FAE04EC0-301F-11D3-BF4B-00C04F79EFBC}") = "CO453PARTC", "CO453PARTC\CO453PARTC.csproj", "{ADE2DF7E-A0BD-4BF8-8C75-7D1B5483A2CF}"
EndProject
Global
	GlobalSection(SolutionConfigurationPlatforms) = preSolution
		Debug|Any CPU = Debug|Any CPU
		Release|Any CPU = Release|Any CPU
	EndGlobalSection
	GlobalSection(ProjectConfigurationPlatforms) = postSolution
		{ADE2DF7E-A0BD-4BF8-8C75-7D1B5483A2CF}.Debug|Any CPU.ActiveCfg = Debug|Any CPU
		{ADE2DF7E-A0BD-4BF8-8C75-7D1B5483A2CF}.Debug|Any CPU.Build.0 = Debug|Any CPU
		{ADE2DF7E-A0BD-4BF8-8C75-7D1B5483A2CF}.Release|Any CPU.ActiveCfg = Release|Any CPU
		{ADE2DF7E-A0BD-4BF8-8C75-7D1B5483A2CF}.Release|Any CPU.Build.0 = Release|Any CPU
	EndGlobalSection
	GlobalSection(SolutionProperties) = preSolution
		HideSolutionNode = FALSE
	EndGlobalSection
	GlobalSection(ExtensibilityGlobals) = postSolution
		SolutionGuid = {1F6CE69F-C42A-44EF-BBFD-F0A4105F8469}
	EndGlobalSection
EndGlobal
